# THIS IS AN AUTOGENERATED FILE. DO NOT EDIT THIS FILE DIRECTLY.
# yarn lockfile v1


"@napi-rs/snappy-android-arm64@7.0.5":
  version "7.0.5"
  resolved "https://registry.yarnpkg.com/@napi-rs/snappy-android-arm64/-/snappy-android-arm64-7.0.5.tgz#5e6be3b936e82061975b9147803716e8ad6cc09d"
  integrity sha512-11/V8Wg8FwWLI5BF0kzMQ63GTaCuVRMlMbaIBjRyknHE5YILVK1BHvJjunAkPugg86x3MFs1zqrmrLIaH+07pg==

"@napi-rs/snappy-darwin-arm64@7.0.5":
  version "7.0.5"
  resolved "https://registry.yarnpkg.com/@napi-rs/snappy-darwin-arm64/-/snappy-darwin-arm64-7.0.5.tgz#828cf0e9add3462b0bfa4105f9a5f05ed8f5876b"
  integrity sha512-R4LJQAg/75FJU1+F3q2RZZT2i4TPtIVpTDReDsLyJGN6/K/SSCk/4gJSLZoxQ0hHMLQLacRQmMPuVqHbOfwSFw==

"@napi-rs/snappy-darwin-x64@7.0.5":
  version "7.0.5"
  resolved "https://registry.yarnpkg.com/@napi-rs/snappy-darwin-x64/-/snappy-darwin-x64-7.0.5.tgz#222e0ce022f859ddb5b130b218f10e2353aa9ac1"
  integrity sha512-aYiz/jtVxo+cpuu6p2/lzrvr2DlUd58auVDHQqIvYXnlmitXMTXqmURuCj6l4OfFxDA8YgzZ6Ftt6BSXdqKOYw==

"@napi-rs/snappy-freebsd-x64@7.0.5":
  version "7.0.5"
  resolved "https://registry.yarnpkg.com/@napi-rs/snappy-freebsd-x64/-/snappy-freebsd-x64-7.0.5.tgz#6aee0a85d52b8d2ec7386a0ba30a9957787b58f9"
  integrity sha512-q0hIT7UNVvClAp056ObmsuXj34KRNJcYJ7WRBER/kttCembNM+gJnJRIUcA6QxVZd/MOjpyHBGKdJLaU36ISoA==

"@napi-rs/snappy-linux-arm-gnueabihf@7.0.5":
  version "7.0.5"
  resolved "https://registry.yarnpkg.com/@napi-rs/snappy-linux-arm-gnueabihf/-/snappy-linux-arm-gnueabihf-7.0.5.tgz#c60bdb82879a93730d5555b7d5b0eb9824ccdbcc"
  integrity sha512-VBK+WyTLYqAVy1QqG1wLnbe6vjacmak1tOsTMlKMN71mZF0WmOdZ/OxTExdTz8WmQMgTpYwX4d9g+ElomaOOLg==

"@napi-rs/snappy-linux-arm64-gnu@7.0.5":
  version "7.0.5"
  resolved "https://registry.yarnpkg.com/@napi-rs/snappy-linux-arm64-gnu/-/snappy-linux-arm64-gnu-7.0.5.tgz#b0a61f5abaa9a59c2644fb5ab8ee6ba6e48cba3b"
  integrity sha512-+E7wwIuaVV85svBFTwN14Plw+lsTRgbWHfsrLzbMoRv3czj4MTOrISD0TajMALRCiDGWe6RSxLftysR4HYZEbA==

"@napi-rs/snappy-linux-arm64-musl@7.0.5":
  version "7.0.5"
  resolved "https://registry.yarnpkg.com/@napi-rs/snappy-linux-arm64-musl/-/snappy-linux-arm64-musl-7.0.5.tgz#5242d0254e2d47d779434bb9b4f8ef2122a60d3e"
  integrity sha512-QeLjvagI+6ywEHNmRiP3Qz2j+RRupCWHA8cmmaEh1pHnlV/NxetAE1agRdWje7yO+iXQiUVbZ8SKibOZ4kRn3g==

"@napi-rs/snappy-linux-x64-gnu@7.0.5":
  version "7.0.5"
  resolved "https://registry.yarnpkg.com/@napi-rs/snappy-linux-x64-gnu/-/snappy-linux-x64-gnu-7.0.5.tgz#25511693c87df83f7b95a01fa47fcd2e8e1b83e9"
  integrity sha512-G1Mq5JOfWG+oWOZScW8R0HtdZ/Hcq3Lm+qOYEbCqKGYV7mTdclvWY4vzOIl5lGWp3Dmo9/rn7pK/Kp4ormw0FA==

"@napi-rs/snappy-linux-x64-musl@7.0.5":
  version "7.0.5"
  resolved "https://registry.yarnpkg.com/@napi-rs/snappy-linux-x64-musl/-/snappy-linux-x64-musl-7.0.5.tgz#ca01b2644e94fce55b18ad33c49909b39736f969"
  integrity sha512-THcusrpjr5MB2PXKdFKiD/ZA811Wn7eJksuQbVRUr/ZjbOOxpni/VLHq4uh42IWqofbszHDVUYZeLEgCbcNItg==

"@napi-rs/snappy-win32-arm64-msvc@7.0.5":
  version "7.0.5"
  resolved "https://registry.yarnpkg.com/@napi-rs/snappy-win32-arm64-msvc/-/snappy-win32-arm64-msvc-7.0.5.tgz#838404f02b838e4b5ec4610c74c72758fc41ef76"
  integrity sha512-5tm8t7E+GhqDf+6vsnsKdZb6twspab5SH1SzVzZtFRltB55FtwAcXSWi9+kS+Md+Jjl4Va4TfrhQ3B46yFgSfQ==

"@napi-rs/snappy-win32-ia32-msvc@7.0.5":
  version "7.0.5"
  resolved "https://registry.yarnpkg.com/@napi-rs/snappy-win32-ia32-msvc/-/snappy-win32-ia32-msvc-7.0.5.tgz#355f62e1012588a2229793d752ff98468b8e20b8"
  integrity sha512-s0H7fD1fDrKPoS81MNXSrs7lvrq71E7gi3OuWiIj23XNUxsMI5p0P8OaRuu95Bns8WLYw5ouSKUtwIgxZAD4+g==

"@napi-rs/snappy-win32-x64-msvc@7.0.5":
  version "7.0.5"
  resolved "https://registry.yarnpkg.com/@napi-rs/snappy-win32-x64-msvc/-/snappy-win32-x64-msvc-7.0.5.tgz#d41060d8bb929436fae16287d3fe333fdb80fa55"
  integrity sha512-rRjNz3OXu6093V4B0IGAd7ANKYGZ5HfG057xew1/NDZl3DTMcWF/Wd2OtMl16Lju2D17CVLxq3NkjTqKZ/XGvw==

"@napi-rs/triples@^1.0.3":
  version "1.0.3"
  resolved "https://registry.yarnpkg.com/@napi-rs/triples/-/triples-1.0.3.tgz#76d6d0c3f4d16013c61e45dfca5ff1e6c31ae53c"
  integrity sha512-jDJTpta+P4p1NZTFVLHJ/TLFVYVcOqv6l8xwOeBKNPMgY/zDYH/YH7SJbvrr/h1RcS9GzbPcLKGzpuK9cV56UA==

"@node-rs/helper@^1.2.1":
  version "1.2.1"
  resolved "https://registry.yarnpkg.com/@node-rs/helper/-/helper-1.2.1.tgz#e079b05f21ff4329d82c4e1f71c0290e4ecdc70c"
  integrity sha512-R5wEmm8nbuQU0YGGmYVjEc0OHtYsuXdpRG+Ut/3wZ9XAvQWyThN08bTh2cBJgoZxHQUPtvRfeQuxcAgLuiBISg==
  dependencies:
    "@napi-rs/triples" "^1.0.3"

"@protobufjs/aspromise@^1.1.1", "@protobufjs/aspromise@^1.1.2":
  version "1.1.2"
  resolved "https://registry.yarnpkg.com/@protobufjs/aspromise/-/aspromise-1.1.2.tgz#9b8b0cc663d669a7d8f6f5d0893a14d348f30fbf"
  integrity sha1-m4sMxmPWaafY9vXQiToU00jzD78=

"@protobufjs/base64@^1.1.2":
  version "1.1.2"
  resolved "https://registry.yarnpkg.com/@protobufjs/base64/-/base64-1.1.2.tgz#4c85730e59b9a1f1f349047dbf24296034bb2735"
  integrity sha512-AZkcAA5vnN/v4PDqKyMR5lx7hZttPDgClv83E//FMNhR2TMcLUhfRUBHCmSl0oi9zMgDDqRUJkSxO3wm85+XLg==

"@protobufjs/codegen@^2.0.4":
  version "2.0.4"
  resolved "https://registry.yarnpkg.com/@protobufjs/codegen/-/codegen-2.0.4.tgz#7ef37f0d010fb028ad1ad59722e506d9262815cb"
  integrity sha512-YyFaikqM5sH0ziFZCN3xDC7zeGaB/d0IUb9CATugHWbd1FRFwWwt4ld4OYMPWu5a3Xe01mGAULCdqhMlPl29Jg==

"@protobufjs/eventemitter@^1.1.0":
  version "1.1.0"
  resolved "https://registry.yarnpkg.com/@protobufjs/eventemitter/-/eventemitter-1.1.0.tgz#355cbc98bafad5978f9ed095f397621f1d066b70"
  integrity sha1-NVy8mLr61ZePntCV85diHx0Ga3A=

"@protobufjs/fetch@^1.1.0":
  version "1.1.0"
  resolved "https://registry.yarnpkg.com/@protobufjs/fetch/-/fetch-1.1.0.tgz#ba99fb598614af65700c1619ff06d454b0d84c45"
  integrity sha1-upn7WYYUr2VwDBYZ/wbUVLDYTEU=
  dependencies:
    "@protobufjs/aspromise" "^1.1.1"
    "@protobufjs/inquire" "^1.1.0"

"@protobufjs/float@^1.0.2":
  version "1.0.2"
  resolved "https://registry.yarnpkg.com/@protobufjs/float/-/float-1.0.2.tgz#5e9e1abdcb73fc0a7cb8b291df78c8cbd97b87d1"
  integrity sha1-Xp4avctz/Ap8uLKR33jIy9l7h9E=

"@protobufjs/inquire@^1.1.0":
  version "1.1.0"
  resolved "https://registry.yarnpkg.com/@protobufjs/inquire/-/inquire-1.1.0.tgz#ff200e3e7cf2429e2dcafc1140828e8cc638f089"
  integrity sha1-/yAOPnzyQp4tyvwRQIKOjMY48Ik=

"@protobufjs/path@^1.1.2":
  version "1.1.2"
  resolved "https://registry.yarnpkg.com/@protobufjs/path/-/path-1.1.2.tgz#6cc2b20c5c9ad6ad0dccfd21ca7673d8d7fbf68d"
  integrity sha1-bMKyDFya1q0NzP0hynZz2Nf79o0=

"@protobufjs/pool@^1.1.0":
  version "1.1.0"
  resolved "https://registry.yarnpkg.com/@protobufjs/pool/-/pool-1.1.0.tgz#09fd15f2d6d3abfa9b65bc366506d6ad7846ff54"
  integrity sha1-Cf0V8tbTq/qbZbw2ZQbWrXhG/1Q=

"@protobufjs/utf8@^1.1.0":
  version "1.1.0"
  resolved "https://registry.yarnpkg.com/@protobufjs/utf8/-/utf8-1.1.0.tgz#a777360b5b39a1a2e5106f8e858f2fd2d060c570"
  integrity sha1-p3c2C1s5oaLlEG+OhY8v0tBgxXA=

"@types/long@^4.0.1":
  version "4.0.1"
  resolved "https://registry.yarnpkg.com/@types/long/-/long-4.0.1.tgz#459c65fa1867dafe6a8f322c4c51695663cc55e9"
  integrity sha512-5tXH6Bx/kNGd3MgffdmP4dy2Z+G4eaXw0SE81Tq3BNadtnMR5/ySMzX4SLEzHJzSmPNn4HIdpQsBvXMUykr58w==

"@types/node@^13.7.0":
  version "13.13.47"
  resolved "https://registry.yarnpkg.com/@types/node/-/node-13.13.47.tgz#6eca42c3462821309b26edbc2eff0db1e37ab9bc"
  integrity sha512-R6851wTjN1YJza8ZIeX6puNBSi/ZULHVh4WVleA7q256l+cP2EtXnKbO455fTs2ytQk3dL9qkU+Wh8l/uROdKg==

denque@^1.5.0:
  version "1.5.1"
  resolved "https://registry.yarnpkg.com/denque/-/denque-1.5.1.tgz#07f670e29c9a78f8faecb2566a1e2c11929c5cbf"
  integrity sha512-XwE+iZ4D6ZUB7mfYRMb5wByE8L74HCn30FBN7sWnXksWc1LO1bPDl67pBR9o/kC4z/xSNAwkMYcGgqDV3BE3Hw==

generate-function@^2.0.0:
  version "2.3.1"
  resolved "https://registry.yarnpkg.com/generate-function/-/generate-function-2.3.1.tgz#f069617690c10c868e73b8465746764f97c3479f"
  integrity sha512-eeB5GfMNeevm/GRYq20ShmsaGcmI81kIX2K9XQx5miC8KdHaC6Jm0qQ8ZNeGOi7wYB8OsdxKs+Y2oVuTFuVwKQ==
  dependencies:
    is-property "^1.0.2"

generate-object-property@^1.2.0:
  version "1.2.0"
  resolved "https://registry.yarnpkg.com/generate-object-property/-/generate-object-property-1.2.0.tgz#9c0e1c40308ce804f4783618b937fa88f99d50d0"
  integrity sha1-nA4cQDCM6AT0eDYYuTf6iPmdUNA=
  dependencies:
    is-property "^1.0.0"

google-proto-files@^2.4.0:
  version "2.4.0"
  resolved "https://registry.yarnpkg.com/google-proto-files/-/google-proto-files-2.4.0.tgz#c9760aa3f41a61b43be759d411535fc97c6c6c22"
  integrity sha512-M5u56EsADOnplBUHTBzqBcCtPNPoGtBBXefjtA7mt3KDsOnlRM75fwrW2rsPS3Am2vrf9I0/NlI0E3nKWo/Ipg==
  dependencies:
    protobufjs "^6.8.0"
    walkdir "^0.4.0"

is-property@^1.0.0, is-property@^1.0.2:
  version "1.0.2"
  resolved "https://registry.yarnpkg.com/is-property/-/is-property-1.0.2.tgz#57fe1c4e48474edd65b09911f26b1cd4095dda84"
  integrity sha1-V/4cTkhHTt1lsJkR8msc1Ald2oQ=

long@^4.0.0:
  version "4.0.0"
  resolved "https://registry.yarnpkg.com/long/-/long-4.0.0.tgz#9a7b71cfb7d361a194ea555241c92f7468d5bf28"
  integrity sha512-XsP+KhQif4bjX1kbuSiySJFNAehNxgLb6hPRGJ9QsUr8ajHkuXGdrHmFUTUUXhDwVX2R5bY4JNZEwbUiMhV+MA==

messagepack@^1.1.12:
  version "1.1.12"
  resolved "https://registry.yarnpkg.com/messagepack/-/messagepack-1.1.12.tgz#64284d4c8f325582a8b0dafbdb2e550f01d9dcf6"
  integrity sha512-pNB6K4q4VMLRXdvlGZkTtQhmKFntvLisnOQnL0VhKpZooL8B8Wsv5TXuidIJil0bCH6V172p3+Onfyow0usPYQ==

protobufjs@^6.10.2, protobufjs@^6.8.0:
  version "6.10.2"
  resolved "https://registry.yarnpkg.com/protobufjs/-/protobufjs-6.10.2.tgz#b9cb6bd8ec8f87514592ba3fdfd28e93f33a469b"
  integrity sha512-27yj+04uF6ya9l+qfpH187aqEzfCF4+Uit0I9ZBQVqK09hk/SQzKa2MUqUpXaVa7LOFRg1TSSr3lVxGOk6c0SQ==
  dependencies:
    "@protobufjs/aspromise" "^1.1.2"
    "@protobufjs/base64" "^1.1.2"
    "@protobufjs/codegen" "^2.0.4"
    "@protobufjs/eventemitter" "^1.1.0"
    "@protobufjs/fetch" "^1.1.0"
    "@protobufjs/float" "^1.0.2"
    "@protobufjs/inquire" "^1.1.0"
    "@protobufjs/path" "^1.1.2"
    "@protobufjs/pool" "^1.1.0"
    "@protobufjs/utf8" "^1.1.0"
    "@types/long" "^4.0.1"
    "@types/node" "^13.7.0"
    long "^4.0.0"

protocol-buffers-encodings@^1.1.0:
  version "1.1.1"
  resolved "https://registry.yarnpkg.com/protocol-buffers-encodings/-/protocol-buffers-encodings-1.1.1.tgz#f1e4a386711823137330171d2c82b49d062e75d3"
  integrity sha512-5aFshI9SbhtcMiDiZZu3g2tMlZeS5lhni//AGJ7V34PQLU5JA91Cva7TIs6inZhYikS3OpnUzAUuL6YtS0CyDA==
  dependencies:
    signed-varint "^2.0.1"
    varint "5.0.0"

protocol-buffers-schema@^3.1.1:
  version "3.5.1"
  resolved "https://registry.yarnpkg.com/protocol-buffers-schema/-/protocol-buffers-schema-3.5.1.tgz#8388e768d383ac8cbea23e1280dfadb79f4122ad"
  integrity sha512-YVCvdhxWNDP8/nJDyXLuM+UFsuPk4+1PB7WGPVDzm3HTHbzFLxQYeW2iZpS4mmnXrQJGBzt230t/BbEb7PrQaw==

protocol-buffers@^4.2.0:
  version "4.2.0"
  resolved "https://registry.yarnpkg.com/protocol-buffers/-/protocol-buffers-4.2.0.tgz#e25c64c36bf9b0c77b5546f147344d900c495001"
  integrity sha512-hNp56d5uuREVde7UqP+dmBkwzxrhJwYU5nL/mdivyFfkRZdgAgojkyBeU3jKo7ZHrjdSx6Q1CwUmYJI6INt20g==
  dependencies:
    generate-function "^2.0.0"
    generate-object-property "^1.2.0"
    protocol-buffers-encodings "^1.1.0"
    protocol-buffers-schema "^3.1.1"
    signed-varint "^2.0.0"
    varint "^5.0.0"

redis-commands@^1.7.0:
  version "1.7.0"
  resolved "https://registry.yarnpkg.com/redis-commands/-/redis-commands-1.7.0.tgz#15a6fea2d58281e27b1cd1acfb4b293e278c3a89"
  integrity sha512-nJWqw3bTFy21hX/CPKHth6sfhZbdiHP6bTawSgQBlKOVRG7EZkfHbbHwQJnrE4vsQf0CMNE+3gJ4Fmm16vdVlQ==

redis-errors@^1.0.0, redis-errors@^1.2.0:
  version "1.2.0"
  resolved "https://registry.yarnpkg.com/redis-errors/-/redis-errors-1.2.0.tgz#eb62d2adb15e4eaf4610c04afe1529384250abad"
  integrity sha1-62LSrbFeTq9GEMBK/hUpOEJQq60=

redis-parser@^3.0.0:
  version "3.0.0"
  resolved "https://registry.yarnpkg.com/redis-parser/-/redis-parser-3.0.0.tgz#b66d828cdcafe6b4b8a428a7def4c6bcac31c8b4"
  integrity sha1-tm2CjNyv5rS4pCin3vTGvKwxyLQ=
  dependencies:
    redis-errors "^1.0.0"

redis-rejson@^1.0.0:
  version "1.0.0"
  resolved "https://registry.yarnpkg.com/redis-rejson/-/redis-rejson-1.0.0.tgz#52e5d91851e2de5adba77877efb21509b4665d9b"
  integrity sha1-UuXZGFHi3lrbp3h377IVCbRmXZs=

redis@^3.1.2:
  version "3.1.2"
  resolved "https://registry.yarnpkg.com/redis/-/redis-3.1.2.tgz#766851117e80653d23e0ed536254677ab647638c"
  integrity sha512-grn5KoZLr/qrRQVwoSkmzdbw6pwF+/rwODtrOr6vuBRiR/f3rjSTGupbF90Zpqm2oenix8Do6RV7pYEkGwlKkw==
  dependencies:
    denque "^1.5.0"
    redis-commands "^1.7.0"
    redis-errors "^1.2.0"
    redis-parser "^3.0.0"

signed-varint@^2.0.0, signed-varint@^2.0.1:
  version "2.0.1"
  resolved "https://registry.yarnpkg.com/signed-varint/-/signed-varint-2.0.1.tgz#50a9989da7c98c2c61dad119bc97470ef8528129"
  integrity sha1-UKmYnafJjCxh2tEZvJdHDvhSgSk=
  dependencies:
    varint "~5.0.0"

snappy@^7.0.5:
  version "7.0.5"
  resolved "https://registry.yarnpkg.com/snappy/-/snappy-7.0.5.tgz#522b753e5d4b78df14568eec506998de220a43e4"
  integrity sha512-T2j48ZdQQd2MaP4X8GGtAnzyo3LnBt6Kj6kxmoOTxG59UwxwC2Az5pa338td7gSTT8H0J4fv8Jgi0edWAGkgeg==
  dependencies:
    "@node-rs/helper" "^1.2.1"
  optionalDependencies:
    "@napi-rs/snappy-android-arm64" "7.0.5"
    "@napi-rs/snappy-darwin-arm64" "7.0.5"
    "@napi-rs/snappy-darwin-x64" "7.0.5"
    "@napi-rs/snappy-freebsd-x64" "7.0.5"
    "@napi-rs/snappy-linux-arm-gnueabihf" "7.0.5"
    "@napi-rs/snappy-linux-arm64-gnu" "7.0.5"
    "@napi-rs/snappy-linux-arm64-musl" "7.0.5"
    "@napi-rs/snappy-linux-x64-gnu" "7.0.5"
    "@napi-rs/snappy-linux-x64-musl" "7.0.5"
    "@napi-rs/snappy-win32-arm64-msvc" "7.0.5"
    "@napi-rs/snappy-win32-ia32-msvc" "7.0.5"
    "@napi-rs/snappy-win32-x64-msvc" "7.0.5"

varint@5.0.0:
  version "5.0.0"
  resolved "https://registry.yarnpkg.com/varint/-/varint-5.0.0.tgz#d826b89f7490732fabc0c0ed693ed475dcb29ebf"
  integrity sha1-2Ca4n3SQcy+rwMDtaT7Uddyynr8=

varint@^5.0.0, varint@~5.0.0:
  version "5.0.2"
  resolved "https://registry.yarnpkg.com/varint/-/varint-5.0.2.tgz#5b47f8a947eb668b848e034dcfa87d0ff8a7f7a4"
  integrity sha512-lKxKYG6H03yCZUpAGOPOsMcGxd1RHCu1iKvEHYDPmTyq2HueGhD73ssNBqqQWfvYs04G9iUFRvmAVLW20Jw6ow==

walkdir@^0.4.0:
  version "0.4.1"
  resolved "https://registry.yarnpkg.com/walkdir/-/walkdir-0.4.1.tgz#dc119f83f4421df52e3061e514228a2db20afa39"
  integrity sha512-3eBwRyEln6E1MSzcxcVpQIhRG8Q1jLvEqRmCZqS3dsfXEDR/AhOF4d+jHg1qvDCpYaVRZjENPQyrVxAkQqxPgQ==
